// !$*UTF8*$!
{
	archiveVersion = 1;
	classes = {
	};
	objectVersion = 50;
	objects = {

/* Begin PBXBuildFile section */
		E05015A226645A5600364FD7 /* CustomPicker.swift in Sources */ = {isa = PBXBuildFile; fileRef = E05015A126645A5600364FD7 /* CustomPicker.swift */; };
		E0B25D0926573F5C00FC04DD /* PPLApp.swift in Sources */ = {isa = PBXBuildFile; fileRef = E0B25D0826573F5C00FC04DD /* PPLApp.swift */; };
		E0B25D0B26573F5C00FC04DD /* ContentView.swift in Sources */ = {isa = PBXBuildFile; fileRef = E0B25D0A26573F5C00FC04DD /* ContentView.swift */; };
		E0B25D0D26573F5D00FC04DD /* Assets.xcassets in Resources */ = {isa = PBXBuildFile; fileRef = E0B25D0C26573F5D00FC04DD /* Assets.xcassets */; };
		E0B25D1026573F5D00FC04DD /* Preview Assets.xcassets in Resources */ = {isa = PBXBuildFile; fileRef = E0B25D0F26573F5D00FC04DD /* Preview Assets.xcassets */; };
		E0B25D1B26573F5E00FC04DD /* PPLTests.swift in Sources */ = {isa = PBXBuildFile; fileRef = E0B25D1A26573F5E00FC04DD /* PPLTests.swift */; };
		E0B25D2626573F5E00FC04DD /* PPLUITests.swift in Sources */ = {isa = PBXBuildFile; fileRef = E0B25D2526573F5E00FC04DD /* PPLUITests.swift */; };
/* End PBXBuildFile section */

/* Begin PBXContainerItemProxy section */
		E0B25D1726573F5E00FC04DD /* PBXContainerItemProxy */ = {
			isa = PBXContainerItemProxy;
			containerPortal = E0B25CFD26573F5C00FC04DD /* Project object */;
			proxyType = 1;
			remoteGlobalIDString = E0B25D0426573F5C00FC04DD;
			remoteInfo = PPL;
		};
		E0B25D2226573F5E00FC04DD /* PBXContainerItemProxy */ = {
			isa = PBXContainerItemProxy;
			containerPortal = E0B25CFD26573F5C00FC04DD /* Project object */;
			proxyType = 1;
			remoteGlobalIDString = E0B25D0426573F5C00FC04DD;
			remoteInfo = PPL;
		};
/* End PBXContainerItemProxy section */

/* Begin PBXFileReference section */
		E05015A126645A5600364FD7 /* CustomPicker.swift */ = {isa = PBXFileReference; lastKnownFileType = sourcecode.swift; path = CustomPicker.swift; sourceTree = "<group>"; };
		E0B25D0526573F5C00FC04DD /* PPL.app */ = {isa = PBXFileReference; explicitFileType = wrapper.application; includeInIndex = 0; path = PPL.app; sourceTree = BUILT_PRODUCTS_DIR; };
		E0B25D0826573F5C00FC04DD /* PPLApp.swift */ = {isa = PBXFileReference; lastKnownFileType = sourcecode.swift; path = PPLApp.swift; sourceTree = "<group>"; };
		E0B25D0A26573F5C00FC04DD /* ContentView.swift */ = {isa = PBXFileReference; lastKnownFileType = sourcecode.swift; path = ContentView.swift; sourceTree = "<group>"; };
		E0B25D0C26573F5D00FC04DD /* Assets.xcassets */ = {isa = PBXFileReference; lastKnownFileType = folder.assetcatalog; path = Assets.xcassets; sourceTree = "<group>"; };
		E0B25D0F26573F5D00FC04DD /* Preview Assets.xcassets */ = {isa = PBXFileReference; lastKnownFileType = folder.assetcatalog; path = "Preview Assets.xcassets"; sourceTree = "<group>"; };
		E0B25D1126573F5D00FC04DD /* Info.plist */ = {isa = PBXFileReference; lastKnownFileType = text.plist.xml; path = Info.plist; sourceTree = "<group>"; };
		E0B25D1626573F5E00FC04DD /* PPLTests.xctest */ = {isa = PBXFileReference; explicitFileType = wrapper.cfbundle; includeInIndex = 0; path = PPLTests.xctest; sourceTree = BUILT_PRODUCTS_DIR; };
		E0B25D1A26573F5E00FC04DD /* PPLTests.swift */ = {isa = PBXFileReference; lastKnownFileType = sourcecode.swift; path = PPLTests.swift; sourceTree = "<group>"; };
		E0B25D1C26573F5E00FC04DD /* Info.plist */ = {isa = PBXFileReference; lastKnownFileType = text.plist.xml; path = Info.plist; sourceTree = "<group>"; };
		E0B25D2126573F5E00FC04DD /* PPLUITests.xctest */ = {isa = PBXFileReference; explicitFileType = wrapper.cfbundle; includeInIndex = 0; path = PPLUITests.xctest; sourceTree = BUILT_PRODUCTS_DIR; };
		E0B25D2526573F5E00FC04DD /* PPLUITests.swift */ = {isa = PBXFileReference; lastKnownFileType = sourcecode.swift; path = PPLUITests.swift; sourceTree = "<group>"; };
		E0B25D2726573F5E00FC04DD /* Info.plist */ = {isa = PBXFileReference; lastKnownFileType = text.plist.xml; path = Info.plist; sourceTree = "<group>"; };
/* End PBXFileReference section */

/* Begin PBXFrameworksBuildPhase section */
		E0B25D0226573F5C00FC04DD /* Frameworks */ = {
			isa = PBXFrameworksBuildPhase;
			buildActionMask = 2147483647;
			files = (
			);
			runOnlyForDeploymentPostprocessing = 0;
		};
		E0B25D1326573F5E00FC04DD /* Frameworks */ = {
			isa = PBXFrameworksBuildPhase;
			buildActionMask = 2147483647;
			files = (
			);
			runOnlyForDeploymentPostprocessing = 0;
		};
		E0B25D1E26573F5E00FC04DD /* Frameworks */ = {
			isa = PBXFrameworksBuildPhase;
			buildActionMask = 2147483647;
			files = (
			);
			runOnlyForDeploymentPostprocessing = 0;
		};
/* End PBXFrameworksBuildPhase section */

/* Begin PBXGroup section */
		E0B25CFC26573F5C00FC04DD = {
			isa = PBXGroup;
			children = (
				E0B25D0726573F5C00FC04DD /* PPL */,
				E0B25D1926573F5E00FC04DD /* PPLTests */,
				E0B25D2426573F5E00FC04DD /* PPLUITests */,
				E0B25D0626573F5C00FC04DD /* Products */,
			);
			sourceTree = "<group>";
		};
		E0B25D0626573F5C00FC04DD /* Products */ = {
			isa = PBXGroup;
			children = (
				E0B25D0526573F5C00FC04DD /* PPL.app */,
				E0B25D1626573F5E00FC04DD /* PPLTests.xctest */,
				E0B25D2126573F5E00FC04DD /* PPLUITests.xctest */,
			);
			name = Products;
			sourceTree = "<group>";
		};
		E0B25D0726573F5C00FC04DD /* PPL */ = {
			isa = PBXGroup;
			children = (
				E0B25D0826573F5C00FC04DD /* PPLApp.swift */,
				E0B25D0A26573F5C00FC04DD /* ContentView.swift */,
				E05015A126645A5600364FD7 /* CustomPicker.swift */,
				E0B25D0C26573F5D00FC04DD /* Assets.xcassets */,
				E0B25D1126573F5D00FC04DD /* Info.plist */,
				E0B25D0E26573F5D00FC04DD /* Preview Content */,
			);
			path = PPL;
			sourceTree = "<group>";
		};
		E0B25D0E26573F5D00FC04DD /* Preview Content */ = {
			isa = PBXGroup;
			children = (
				E0B25D0F26573F5D00FC04DD /* Preview Assets.xcassets */,
			);
			path = "Preview Content";
			sourceTree = "<group>";
		};
		E0B25D1926573F5E00FC04DD /* PPLTests */ = {
			isa = PBXGroup;
			children = (
				E0B25D1A26573F5E00FC04DD /* PPLTests.swift */,
				E0B25D1C26573F5E00FC04DD /* Info.plist */,
			);
			path = PPLTests;
			sourceTree = "<group>";
		};
		E0B25D2426573F5E00FC04DD /* PPLUITests */ = {
			isa = PBXGroup;
			children = (
				E0B25D2526573F5E00FC04DD /* PPLUITests.swift */,
				E0B25D2726573F5E00FC04DD /* Info.plist */,
			);
			path = PPLUITests;
			sourceTree = "<group>";
		};
/* End PBXGroup section */

/* Begin PBXNativeTarget section */
		E0B25D0426573F5C00FC04DD /* PPL */ = {
			isa = PBXNativeTarget;
			buildConfigurationList = E0B25D2A26573F5E00FC04DD /* Build configuration list for PBXNativeTarget "PPL" */;
			buildPhases = (
				E0B25D0126573F5C00FC04DD /* Sources */,
				E0B25D0226573F5C00FC04DD /* Frameworks */,
				E0B25D0326573F5C00FC04DD /* Resources */,
			);
			buildRules = (
			);
			dependencies = (
			);
			name = PPL;
			productName = PPL;
			productReference = E0B25D0526573F5C00FC04DD /* PPL.app */;
			productType = "com.apple.product-type.application";
		};
		E0B25D1526573F5E00FC04DD /* PPLTests */ = {
			isa = PBXNativeTarget;
			buildConfigurationList = E0B25D2D26573F5E00FC04DD /* Build configuration list for PBXNativeTarget "PPLTests" */;
			buildPhases = (
				E0B25D1226573F5E00FC04DD /* Sources */,
				E0B25D1326573F5E00FC04DD /* Frameworks */,
				E0B25D1426573F5E00FC04DD /* Resources */,
			);
			buildRules = (
			);
			dependencies = (
				E0B25D1826573F5E00FC04DD /* PBXTargetDependency */,
			);
			name = PPLTests;
			productName = PPLTests;
			productReference = E0B25D1626573F5E00FC04DD /* PPLTests.xctest */;
			productType = "com.apple.product-type.bundle.unit-test";
		};
		E0B25D2026573F5E00FC04DD /* PPLUITests */ = {
			isa = PBXNativeTarget;
			buildConfigurationList = E0B25D3026573F5E00FC04DD /* Build configuration list for PBXNativeTarget "PPLUITests" */;
			buildPhases = (
				E0B25D1D26573F5E00FC04DD /* Sources */,
				E0B25D1E26573F5E00FC04DD /* Frameworks */,
				E0B25D1F26573F5E00FC04DD /* Resources */,
			);
			buildRules = (
			);
			dependencies = (
				E0B25D2326573F5E00FC04DD /* PBXTargetDependency */,
			);
			name = PPLUITests;
			productName = PPLUITests;
			productReference = E0B25D2126573F5E00FC04DD /* PPLUITests.xctest */;
			productType = "com.apple.product-type.bundle.ui-testing";
		};
/* End PBXNativeTarget section */

/* Begin PBXProject section */
		E0B25CFD26573F5C00FC04DD /* Project object */ = {
			isa = PBXProject;
			attributes = {
				LastSwiftUpdateCheck = 1230;
				LastUpgradeCheck = 1230;
				TargetAttributes = {
					E0B25D0426573F5C00FC04DD = {
						CreatedOnToolsVersion = 12.3;
					};
					E0B25D1526573F5E00FC04DD = {
						CreatedOnToolsVersion = 12.3;
						TestTargetID = E0B25D0426573F5C00FC04DD;
					};
					E0B25D2026573F5E00FC04DD = {
						CreatedOnToolsVersion = 12.3;
						TestTargetID = E0B25D0426573F5C00FC04DD;
					};
				};
			};
			buildConfigurationList = E0B25D0026573F5C00FC04DD /* Build configuration list for PBXProject "PPL" */;
			compatibilityVersion = "Xcode 9.3";
			developmentRegion = en;
			hasScannedForEncodings = 0;
			knownRegions = (
				en,
				Base,
			);
			mainGroup = E0B25CFC26573F5C00FC04DD;
			productRefGroup = E0B25D0626573F5C00FC04DD /* Products */;
			projectDirPath = "";
			projectRoot = "";
			targets = (
				E0B25D0426573F5C00FC04DD /* PPL */,
				E0B25D1526573F5E00FC04DD /* PPLTests */,
				E0B25D2026573F5E00FC04DD /* PPLUITests */,
			);
		};
/* End PBXProject section */

/* Begin PBXResourcesBuildPhase section */
		E0B25D0326573F5C00FC04DD /* Resources */ = {
			isa = PBXResourcesBuildPhase;
			buildActionMask = 2147483647;
			files = (
				E0B25D1026573F5D00FC04DD /* Preview Assets.xcassets in Resources */,
				E0B25D0D26573F5D00FC04DD /* Assets.xcassets in Resources */,
			);
			runOnlyForDeploymentPostprocessing = 0;
		};
		E0B25D1426573F5E00FC04DD /* Resources */ = {
			isa = PBXResourcesBuildPhase;
			buildActionMask = 2147483647;
			files = (
			);
			runOnlyForDeploymentPostprocessing = 0;
		};
		E0B25D1F26573F5E00FC04DD /* Resources */ = {
			isa = PBXResourcesBuildPhase;
			buildActionMask = 2147483647;
			files = (
			);
			runOnlyForDeploymentPostprocessing = 0;
		};
/* End PBXResourcesBuildPhase section */

/* Begin PBXSourcesBuildPhase section */
		E0B25D0126573F5C00FC04DD /* Sources */ = {
			isa = PBXSourcesBuildPhase;
			buildActionMask = 2147483647;
			files = (
				E0B25D0B26573F5C00FC04DD /* ContentView.swift in Sources */,
				E0B25D0926573F5C00FC04DD /* PPLApp.swift in Sources */,
				E05015A226645A5600364FD7 /* CustomPicker.swift in Sources */,
			);
			runOnlyForDeploymentPostprocessing = 0;
		};
		E0B25D1226573F5E00FC04DD /* Sources */ = {
			isa = PBXSourcesBuildPhase;
			buildActionMask = 2147483647;
			files = (
				E0B25D1B26573F5E00FC04DD /* PPLTests.swift in Sources */,
			);
			runOnlyForDeploymentPostprocessing = 0;
		};
		E0B25D1D26573F5E00FC04DD /* Sources */ = {
			isa = PBXSourcesBuildPhase;
			buildActionMask = 2147483647;
			files = (
				E0B25D2626573F5E00FC04DD /* PPLUITests.swift in Sources */,
			);
			runOnlyForDeploymentPostprocessing = 0;
		};
/* End PBXSourcesBuildPhase section */

/* Begin PBXTargetDependency section */
		E0B25D1826573F5E00FC04DD /* PBXTargetDependency */ = {
			isa = PBXTargetDependency;
			target = E0B25D0426573F5C00FC04DD /* PPL */;
			targetProxy = E0B25D1726573F5E00FC04DD /* PBXContainerItemProxy */;
		};
		E0B25D2326573F5E00FC04DD /* PBXTargetDependency */ = {
			isa = PBXTargetDependency;
			target = E0B25D0426573F5C00FC04DD /* PPL */;
			targetProxy = E0B25D2226573F5E00FC04DD /* PBXContainerItemProxy */;
		};
/* End PBXTargetDependency section */

/* Begin XCBuildConfiguration section */
		E0B25D2826573F5E00FC04DD /* Debug */ = {
			isa = XCBuildConfiguration;
			buildSettings = {
				ALWAYS_SEARCH_USER_PATHS = NO;
				CLANG_ANALYZER_NONNULL = YES;
				CLANG_ANALYZER_NUMBER_OBJECT_CONVERSION = YES_AGGRESSIVE;
				CLANG_CXX_LANGUAGE_STANDARD = "gnu++14";
				CLANG_CXX_LIBRARY = "libc++";
				CLANG_ENABLE_MODULES = YES;
				CLANG_ENABLE_OBJC_ARC = YES;
				CLANG_ENABLE_OBJC_WEAK = YES;
				CLANG_WARN_BLOCK_CAPTURE_AUTORELEASING = YES;
				CLANG_WARN_BOOL_CONVERSION = YES;
				CLANG_WARN_COMMA = YES;
				CLANG_WARN_CONSTANT_CONVERSION = YES;
				CLANG_WARN_DEPRECATED_OBJC_IMPLEMENTATIONS = YES;
				CLANG_WARN_DIRECT_OBJC_ISA_USAGE = YES_ERROR;
				CLANG_WARN_DOCUMENTATION_COMMENTS = YES;
				CLANG_WARN_EMPTY_BODY = YES;
				CLANG_WARN_ENUM_CONVERSION = YES;
				CLANG_WARN_INFINITE_RECURSION = YES;
				CLANG_WARN_INT_CONVERSION = YES;
				CLANG_WARN_NON_LITERAL_NULL_CONVERSION = YES;
				CLANG_WARN_OBJC_IMPLICIT_RETAIN_SELF = YES;
				CLANG_WARN_OBJC_LITERAL_CONVERSION = YES;
				CLANG_WARN_OBJC_ROOT_CLASS = YES_ERROR;
				CLANG_WARN_QUOTED_INCLUDE_IN_FRAMEWORK_HEADER = YES;
				CLANG_WARN_RANGE_LOOP_ANALYSIS = YES;
				CLANG_WARN_STRICT_PROTOTYPES = YES;
				CLANG_WARN_SUSPICIOUS_MOVE = YES;
				CLANG_WARN_UNGUARDED_AVAILABILITY = YES_AGGRESSIVE;
				CLANG_WARN_UNREACHABLE_CODE = YES;
				CLANG_WARN__DUPLICATE_METHOD_MATCH = YES;
				COPY_PHASE_STRIP = NO;
				DEBUG_INFORMATION_FORMAT = dwarf;
				ENABLE_STRICT_OBJC_MSGSEND = YES;
				ENABLE_TESTABILITY = YES;
				GCC_C_LANGUAGE_STANDARD = gnu11;
				GCC_DYNAMIC_NO_PIC = NO;
				GCC_NO_COMMON_BLOCKS = YES;
				GCC_OPTIMIZATION_LEVEL = 0;
				GCC_PREPROCESSOR_DEFINITIONS = (
					"DEBUG=1",
					"$(inherited)",
				);
				GCC_WARN_64_TO_32_BIT_CONVERSION = YES;
				GCC_WARN_ABOUT_RETURN_TYPE = YES_ERROR;
				GCC_WARN_UNDECLARED_SELECTOR = YES;
				GCC_WARN_UNINITIALIZED_AUTOS = YES_AGGRESSIVE;
				GCC_WARN_UNUSED_FUNCTION = YES;
				GCC_WARN_UNUSED_VARIABLE = YES;
				IPHONEOS_DEPLOYMENT_TARGET = 14.3;
				MTL_ENABLE_DEBUG_INFO = INCLUDE_SOURCE;
				MTL_FAST_MATH = YES;
				ONLY_ACTIVE_ARCH = YES;
				SDKROOT = iphoneos;
				SWIFT_ACTIVE_COMPILATION_CONDITIONS = DEBUG;
				SWIFT_OPTIMIZATION_LEVEL = "-Onone";
			};
			name = Debug;
		};
		E0B25D2926573F5E00FC04DD /* Release */ = {
			isa = XCBuildConfiguration;
			buildSettings = {
				ALWAYS_SEARCH_USER_PATHS = NO;
				CLANG_ANALYZER_NONNULL = YES;
				CLANG_ANALYZER_NUMBER_OBJECT_CONVERSION = YES_AGGRESSIVE;
				CLANG_CXX_LANGUAGE_STANDARD = "gnu++14";
				CLANG_CXX_LIBRARY = "libc++";
				CLANG_ENABLE_MODULES = YES;
				CLANG_ENABLE_OBJC_ARC = YES;
				CLANG_ENABLE_OBJC_WEAK = YES;
				CLANG_WARN_BLOCK_CAPTURE_AUTORELEASING = YES;
				CLANG_WARN_BOOL_CONVERSION = YES;
				CLANG_WARN_COMMA = YES;
				CLANG_WARN_CONSTANT_CONVERSION = YES;
				CLANG_WARN_DEPRECATED_OBJC_IMPLEMENTATIONS = YES;
				CLANG_WARN_DIRECT_OBJC_ISA_USAGE = YES_ERROR;
				CLANG_WARN_DOCUMENTATION_COMMENTS = YES;
				CLANG_WARN_EMPTY_BODY = YES;
				CLANG_WARN_ENUM_CONVERSION = YES;
				CLANG_WARN_INFINITE_RECURSION = YES;
				CLANG_WARN_INT_CONVERSION = YES;
				CLANG_WARN_NON_LITERAL_NULL_CONVERSION = YES;
				CLANG_WARN_OBJC_IMPLICIT_RETAIN_SELF = YES;
				CLANG_WARN_OBJC_LITERAL_CONVERSION = YES;
				CLANG_WARN_OBJC_ROOT_CLASS = YES_ERROR;
				CLANG_WARN_QUOTED_INCLUDE_IN_FRAMEWORK_HEADER = YES;
				CLANG_WARN_RANGE_LOOP_ANALYSIS = YES;
				CLANG_WARN_STRICT_PROTOTYPES = YES;
				CLANG_WARN_SUSPICIOUS_MOVE = YES;
				CLANG_WARN_UNGUARDED_AVAILABILITY = YES_AGGRESSIVE;
				CLANG_WARN_UNREACHABLE_CODE = YES;
				CLANG_WARN__DUPLICATE_METHOD_MATCH = YES;
				COPY_PHASE_STRIP = NO;
				DEBUG_INFORMATION_FORMAT = "dwarf-with-dsym";
				ENABLE_NS_ASSERTIONS = NO;
				ENABLE_STRICT_OBJC_MSGSEND = YES;
				GCC_C_LANGUAGE_STANDARD = gnu11;
				GCC_NO_COMMON_BLOCKS = YES;
				GCC_WARN_64_TO_32_BIT_CONVERSION = YES;
				GCC_WARN_ABOUT_RETURN_TYPE = YES_ERROR;
				GCC_WARN_UNDECLARED_SELECTOR = YES;
				GCC_WARN_UNINITIALIZED_AUTOS = YES_AGGRESSIVE;
				GCC_WARN_UNUSED_FUNCTION = YES;
				GCC_WARN_UNUSED_VARIABLE = YES;
				IPHONEOS_DEPLOYMENT_TARGET = 14.3;
				MTL_ENABLE_DEBUG_INFO = NO;
				MTL_FAST_MATH = YES;
				SDKROOT = iphoneos;
				SWIFT_COMPILATION_MODE = wholemodule;
				SWIFT_OPTIMIZATION_LEVEL = "-O";
				VALIDATE_PRODUCT = YES;
			};
			name = Release;
		};
		E0B25D2B26573F5E00FC04DD /* Debug */ = {
			isa = XCBuildConfiguration;
			buildSettings = {
				ASSETCATALOG_COMPILER_APPICON_NAME = AppIcon;
				ASSETCATALOG_COMPILER_GLOBAL_ACCENT_COLOR_NAME = AccentColor;
				CODE_SIGN_STYLE = Automatic;
				DEVELOPMENT_ASSET_PATHS = "\"PPL/Preview Content\"";
				DEVELOPMENT_TEAM = QF4KY7J6YH;
				ENABLE_PREVIEWS = YES;
				INFOPLIST_FILE = PPL/Info.plist;
				IPHONEOS_DEPLOYMENT_TARGET = 14.0;
				LD_RUNPATH_SEARCH_PATHS = (
					"$(inherited)",
					"@executable_path/Frameworks",
				);
				PRODUCT_BUNDLE_IDENTIFIER = com.chandlermathews.PPL;
				PRODUCT_NAME = "$(TARGET_NAME)";
				SWIFT_VERSION = 5.0;
				TARGETED_DEVICE_FAMILY = "1,2";
			};
			name = Debug;
		};
		E0B25D2C26573F5E00FC04DD /* Release */ = {
			isa = XCBuildConfiguration;
			buildSettings = {
				ASSETCATALOG_COMPILER_APPICON_NAME = AppIcon;
				ASSETCATALOG_COMPILER_GLOBAL_ACCENT_COLOR_NAME = AccentColor;
				CODE_SIGN_STYLE = Automatic;
				DEVELOPMENT_ASSET_PATHS = "\"PPL/Preview Content\"";
				DEVELOPMENT_TEAM = QF4KY7J6YH;
				ENABLE_PREVIEWS = YES;
				INFOPLIST_FILE = PPL/Info.plist;
				IPHONEOS_DEPLOYMENT_TARGET = 14.0;
				LD_RUNPATH_SEARCH_PATHS = (
					"$(inherited)",
					"@executable_path/Frameworks",
				);
				PRODUCT_BUNDLE_IDENTIFIER = com.chandlermathews.PPL;
				PRODUCT_NAME = "$(TARGET_NAME)";
				SWIFT_VERSION = 5.0;
				TARGETED_DEVICE_FAMILY = "1,2";
			};
			name = Release;
		};
		E0B25D2E26573F5E00FC04DD /* Debug */ = {
			isa = XCBuildConfiguration;
			buildSettings = {
				ALWAYS_EMBED_SWIFT_STANDARD_LIBRARIES = YES;
				BUNDLE_LOADER = "$(TEST_HOST)";
				CODE_SIGN_STYLE = Automatic;
				DEVELOPMENT_TEAM = QF4KY7J6YH;
				INFOPLIST_FILE = PPLTests/Info.plist;
				IPHONEOS_DEPLOYMENT_TARGET = 14.0;
				LD_RUNPATH_SEARCH_PATHS = (
					"$(inherited)",
					"@executable_path/Frameworks",
					"@loader_path/Frameworks",
				);
				PRODUCT_BUNDLE_IDENTIFIER = com.chandlermathews.PPLTests;
				PRODUCT_NAME = "$(TARGET_NAME)";
				SWIFT_VERSION = 5.0;
				TARGETED_DEVICE_FAMILY = "1,2";
				TEST_HOST = "$(BUILT_PRODUCTS_DIR)/PPL.app/PPL";
			};
			name = Debug;
		};
		E0B25D2F26573F5E00FC04DD /* Release */ = {
			isa = XCBuildConfiguration;
			buildSettings = {
				ALWAYS_EMBED_SWIFT_STANDARD_LIBRARIES = YES;
				BUNDLE_LOADER = "$(TEST_HOST)";
				CODE_SIGN_STYLE = Automatic;
				DEVELOPMENT_TEAM = QF4KY7J6YH;
				INFOPLIST_FILE = PPLTests/Info.plist;
				IPHONEOS_DEPLOYMENT_TARGET = 14.0;
				LD_RUNPATH_SEARCH_PATHS = (
					"$(inherited)",
					"@executable_path/Frameworks",
					"@loader_path/Frameworks",
				);
				PRODUCT_BUNDLE_IDENTIFIER = com.chandlermathews.PPLTests;
				PRODUCT_NAME = "$(TARGET_NAME)";
				SWIFT_VERSION = 5.0;
				TARGETED_DEVICE_FAMILY = "1,2";
				TEST_HOST = "$(BUILT_PRODUCTS_DIR)/PPL.app/PPL";
			};
			name = Release;
		};
		E0B25D3126573F5E00FC04DD /* Debug */ = {
			isa = XCBuildConfiguration;
			buildSettings = {
				ALWAYS_EMBED_SWIFT_STANDARD_LIBRARIES = YES;
				CODE_SIGN_STYLE = Automatic;
				DEVELOPMENT_TEAM = QF4KY7J6YH;
				INFOPLIST_FILE = PPLUITests/Info.plist;
				LD_RUNPATH_SEARCH_PATHS = (
					"$(inherited)",
					"@executable_path/Frameworks",
					"@loader_path/Frameworks",
				);
				PRODUCT_BUNDLE_IDENTIFIER = com.chandlermathews.PPLUITests;
				PRODUCT_NAME = "$(TARGET_NAME)";
				SWIFT_VERSION = 5.0;
				TARGETED_DEVICE_FAMILY = "1,2";
				TEST_TARGET_NAME = PPL;
			};
			name = Debug;
		};
		E0B25D3226573F5E00FC04DD /* Release */ = {
			isa = XCBuildConfiguration;
			buildSettings = {
				ALWAYS_EMBED_SWIFT_STANDARD_LIBRARIES = YES;
				CODE_SIGN_STYLE = Automatic;
				DEVELOPMENT_TEAM = QF4KY7J6YH;
				INFOPLIST_FILE = PPLUITests/Info.plist;
				LD_RUNPATH_SEARCH_PATHS = (
					"$(inherited)",
					"@executable_path/Frameworks",
					"@loader_path/Frameworks",
				);
				PRODUCT_BUNDLE_IDENTIFIER = com.chandlermathews.PPLUITests;
				PRODUCT_NAME = "$(TARGET_NAME)";
				SWIFT_VERSION = 5.0;
				TARGETED_DEVICE_FAMILY = "1,2";
				TEST_TARGET_NAME = PPL;
			};
			name = Release;
		};
/* End XCBuildConfiguration section */

/* Begin XCConfigurationList section */
		E0B25D0026573F5C00FC04DD /* Build configuration list for PBXProject "PPL" */ = {
			isa = XCConfigurationList;
			buildConfigurations = (
				E0B25D2826573F5E00FC04DD /* Debug */,
				E0B25D2926573F5E00FC04DD /* Release */,
			);
			defaultConfigurationIsVisible = 0;
			defaultConfigurationName = Release;
		};
		E0B25D2A26573F5E00FC04DD /* Build configuration list for PBXNativeTarget "PPL" */ = {
			isa = XCConfigurationList;
			buildConfigurations = (
				E0B25D2B26573F5E00FC04DD /* Debug */,
				E0B25D2C26573F5E00FC04DD /* Release */,
			);
			defaultConfigurationIsVisible = 0;
			defaultConfigurationName = Release;
		};
		E0B25D2D26573F5E00FC04DD /* Build configuration list for PBXNativeTarget "PPLTests" */ = {
			isa = XCConfigurationList;
			buildConfigurations = (
				E0B25D2E26573F5E00FC04DD /* Debug */,
				E0B25D2F26573F5E00FC04DD /* Release */,
			);
			defaultConfigurationIsVisible = 0;
			defaultConfigurationName = Release;
		};
		E0B25D3026573F5E00FC04DD /* Build configuration list for PBXNativeTarget "PPLUITests" */ = {
			isa = XCConfigurationList;
			buildConfigurations = (
				E0B25D3126573F5E00FC04DD /* Debug */,
				E0B25D3226573F5E00FC04DD /* Release */,
			);
			defaultConfigurationIsVisible = 0;
			defaultConfigurationName = Release;
		};
/* End XCConfigurationList section */
	};
	rootObject = E0B25CFD26573F5C00FC04DD /* Project object */;
}
